
Microsoft Visual Studio Solution File, Format Version 12.00
# Visual Studio Version 16
VisualStudioVersion = 16.0.31205.134
MinimumVisualStudioVersion = 10.0.40219.1
Project("{FAE04EC0-301F-11D3-BF4B-00C04F79EFBC}") = "FilteringMachine", "FilteringMachine\FilteringMachine.csproj", "{53E6B691-9BED-4363-A5E6-D0CF50D0B496}"
EndProject
Global
	GlobalSection(SolutionConfigurationPlatforms) = preSolution
		Debug|Any CPU = Debug|Any CPU
		Release|Any CPU = Release|Any CPU
	EndGlobalSection
	GlobalSection(ProjectConfigurationPlatforms) = postSolution
		{53E6B691-9BED-4363-A5E6-D0CF50D0B496}.Debug|Any CPU.ActiveCfg = Debug|Any CPU
		{53E6B691-9BED-4363-A5E6-D0CF50D0B496}.Debug|Any CPU.Build.0 = Debug|Any CPU
		{53E6B691-9BED-4363-A5E6-D0CF50D0B496}.Release|Any CPU.ActiveCfg = Release|Any CPU
		{53E6B691-9BED-4363-A5E6-D0CF50D0B496}.Release|Any CPU.Build.0 = Release|Any CPU
	EndGlobalSection
	GlobalSection(SolutionProperties) = preSolution
		HideSolutionNode = FALSE
	EndGlobalSection
	GlobalSection(ExtensibilityGlobals) = postSolution
		SolutionGuid = {AB3347B9-96BB-4858-AF41-675A550ED3B9}
	EndGlobalSection
EndGlobal
